
Microsoft Visual Studio Solution File, Format Version 12.00
# Visual Studio Version 17
VisualStudioVersion = 17.11.35327.3
MinimumVisualStudioVersion = 10.0.40219.1
Project("{FAE04EC0-301F-11D3-BF4B-00C04F79EFBC}") = "Dz1", "Dz1\Dz1.csproj", "{D9089239-D968-4231-A434-AAC07B86579A}"
EndProject
Global
	GlobalSection(SolutionConfigurationPlatforms) = preSolution
		Debug|Any CPU = Debug|Any CPU
		Release|Any CPU = Release|Any CPU
	EndGlobalSection
	GlobalSection(ProjectConfigurationPlatforms) = postSolution
		{D9089239-D968-4231-A434-AAC07B86579A}.Debug|Any CPU.ActiveCfg = Debug|Any CPU
		{D9089239-D968-4231-A434-AAC07B86579A}.Debug|Any CPU.Build.0 = Debug|Any CPU
		{D9089239-D968-4231-A434-AAC07B86579A}.Release|Any CPU.ActiveCfg = Release|Any CPU
		{D9089239-D968-4231-A434-AAC07B86579A}.Release|Any CPU.Build.0 = Release|Any CPU
	EndGlobalSection
	GlobalSection(SolutionProperties) = preSolution
		HideSolutionNode = FALSE
	EndGlobalSection
	GlobalSection(ExtensibilityGlobals) = postSolution
		SolutionGuid = {5C491CBA-CEC1-4699-BB32-F652BBD34F1C}
	EndGlobalSection
EndGlobal
